<Solution>
  <Project Path="OnlineShop.ApiService/OnlineShop.ApiService.csproj" />
  <Project Path="OnlineShop.AppHost/OnlineShop.AppHost.csproj" />
  <Project Path="OnlineShop.MailDev.Hosting/OnlineShop.MailDev.Hosting.csproj" Id="bcd7a762-a5a4-4043-9990-a00cca6b4a91" />
  <Project Path="OnlineShop.ServiceDefaults/OnlineShop.ServiceDefaults.csproj" />
  <Project Path="OnlineShop.Web/OnlineShop.Web.csproj" />
</Solution>
